
Microsoft Visual Studio Solution File, Format Version 12.00
# Visual Studio 15
VisualStudioVersion = 15.0.26124.0
MinimumVisualStudioVersion = 15.0.26124.0
Project("{FAE04EC0-301F-11D3-BF4B-00C04F79EFBC}") = "API", "API\API.csproj", "{C2BE4EA5-2A2F-49C9-B82F-A8835A07760E}"
EndProject
Project("{FAE04EC0-301F-11D3-BF4B-00C04F79EFBC}") = "Application", "Application\Application.csproj", "{C53F1E38-8EDB-40CA-A592-BAD426DA290C}"
EndProject
Project("{FAE04EC0-301F-11D3-BF4B-00C04F79EFBC}") = "Persistence", "Persistence\Persistence.csproj", "{EA0D29B6-A59D-4BA9-BD62-528A2D9ADE73}"
EndProject
Project("{FAE04EC0-301F-11D3-BF4B-00C04F79EFBC}") = "Domain", "Domain\Domain.csproj", "{F88E1F21-0856-4476-89EB-8CFE688B503A}"
EndProject
Global
	GlobalSection(SolutionConfigurationPlatforms) = preSolution
		Debug|Any CPU = Debug|Any CPU
		Debug|x64 = Debug|x64
		Debug|x86 = Debug|x86
		Release|Any CPU = Release|Any CPU
		Release|x64 = Release|x64
		Release|x86 = Release|x86
	EndGlobalSection
	GlobalSection(SolutionProperties) = preSolution
		HideSolutionNode = FALSE
	EndGlobalSection
	GlobalSection(ProjectConfigurationPlatforms) = postSolution
		{C2BE4EA5-2A2F-49C9-B82F-A8835A07760E}.Debug|Any CPU.ActiveCfg = Debug|Any CPU
		{C2BE4EA5-2A2F-49C9-B82F-A8835A07760E}.Debug|Any CPU.Build.0 = Debug|Any CPU
		{C2BE4EA5-2A2F-49C9-B82F-A8835A07760E}.Debug|x64.ActiveCfg = Debug|Any CPU
		{C2BE4EA5-2A2F-49C9-B82F-A8835A07760E}.Debug|x64.Build.0 = Debug|Any CPU
		{C2BE4EA5-2A2F-49C9-B82F-A8835A07760E}.Debug|x86.ActiveCfg = Debug|Any CPU
		{C2BE4EA5-2A2F-49C9-B82F-A8835A07760E}.Debug|x86.Build.0 = Debug|Any CPU
		{C2BE4EA5-2A2F-49C9-B82F-A8835A07760E}.Release|Any CPU.ActiveCfg = Release|Any CPU
		{C2BE4EA5-2A2F-49C9-B82F-A8835A07760E}.Release|Any CPU.Build.0 = Release|Any CPU
		{C2BE4EA5-2A2F-49C9-B82F-A8835A07760E}.Release|x64.ActiveCfg = Release|Any CPU
		{C2BE4EA5-2A2F-49C9-B82F-A8835A07760E}.Release|x64.Build.0 = Release|Any CPU
		{C2BE4EA5-2A2F-49C9-B82F-A8835A07760E}.Release|x86.ActiveCfg = Release|Any CPU
		{C2BE4EA5-2A2F-49C9-B82F-A8835A07760E}.Release|x86.Build.0 = Release|Any CPU
		{C53F1E38-8EDB-40CA-A592-BAD426DA290C}.Debug|Any CPU.ActiveCfg = Debug|Any CPU
		{C53F1E38-8EDB-40CA-A592-BAD426DA290C}.Debug|Any CPU.Build.0 = Debug|Any CPU
		{C53F1E38-8EDB-40CA-A592-BAD426DA290C}.Debug|x64.ActiveCfg = Debug|Any CPU
		{C53F1E38-8EDB-40CA-A592-BAD426DA290C}.Debug|x64.Build.0 = Debug|Any CPU
		{C53F1E38-8EDB-40CA-A592-BAD426DA290C}.Debug|x86.ActiveCfg = Debug|Any CPU
		{C53F1E38-8EDB-40CA-A592-BAD426DA290C}.Debug|x86.Build.0 = Debug|Any CPU
		{C53F1E38-8EDB-40CA-A592-BAD426DA290C}.Release|Any CPU.ActiveCfg = Release|Any CPU
		{C53F1E38-8EDB-40CA-A592-BAD426DA290C}.Release|Any CPU.Build.0 = Release|Any CPU
		{C53F1E38-8EDB-40CA-A592-BAD426DA290C}.Release|x64.ActiveCfg = Release|Any CPU
		{C53F1E38-8EDB-40CA-A592-BAD426DA290C}.Release|x64.Build.0 = Release|Any CPU
		{C53F1E38-8EDB-40CA-A592-BAD426DA290C}.Release|x86.ActiveCfg = Release|Any CPU
		{C53F1E38-8EDB-40CA-A592-BAD426DA290C}.Release|x86.Build.0 = Release|Any CPU
		{EA0D29B6-A59D-4BA9-BD62-528A2D9ADE73}.Debug|Any CPU.ActiveCfg = Debug|Any CPU
		{EA0D29B6-A59D-4BA9-BD62-528A2D9ADE73}.Debug|Any CPU.Build.0 = Debug|Any CPU
		{EA0D29B6-A59D-4BA9-BD62-528A2D9ADE73}.Debug|x64.ActiveCfg = Debug|Any CPU
		{EA0D29B6-A59D-4BA9-BD62-528A2D9ADE73}.Debug|x64.Build.0 = Debug|Any CPU
		{EA0D29B6-A59D-4BA9-BD62-528A2D9ADE73}.Debug|x86.ActiveCfg = Debug|Any CPU
		{EA0D29B6-A59D-4BA9-BD62-528A2D9ADE73}.Debug|x86.Build.0 = Debug|Any CPU
		{EA0D29B6-A59D-4BA9-BD62-528A2D9ADE73}.Release|Any CPU.ActiveCfg = Release|Any CPU
		{EA0D29B6-A59D-4BA9-BD62-528A2D9ADE73}.Release|Any CPU.Build.0 = Release|Any CPU
		{EA0D29B6-A59D-4BA9-BD62-528A2D9ADE73}.Release|x64.ActiveCfg = Release|Any CPU
		{EA0D29B6-A59D-4BA9-BD62-528A2D9ADE73}.Release|x64.Build.0 = Release|Any CPU
		{EA0D29B6-A59D-4BA9-BD62-528A2D9ADE73}.Release|x86.ActiveCfg = Release|Any CPU
		{EA0D29B6-A59D-4BA9-BD62-528A2D9ADE73}.Release|x86.Build.0 = Release|Any CPU
		{F88E1F21-0856-4476-89EB-8CFE688B503A}.Debug|Any CPU.ActiveCfg = Debug|Any CPU
		{F88E1F21-0856-4476-89EB-8CFE688B503A}.Debug|Any CPU.Build.0 = Debug|Any CPU
		{F88E1F21-0856-4476-89EB-8CFE688B503A}.Debug|x64.ActiveCfg = Debug|Any CPU
		{F88E1F21-0856-4476-89EB-8CFE688B503A}.Debug|x64.Build.0 = Debug|Any CPU
		{F88E1F21-0856-4476-89EB-8CFE688B503A}.Debug|x86.ActiveCfg = Debug|Any CPU
		{F88E1F21-0856-4476-89EB-8CFE688B503A}.Debug|x86.Build.0 = Debug|Any CPU
		{F88E1F21-0856-4476-89EB-8CFE688B503A}.Release|Any CPU.ActiveCfg = Release|Any CPU
		{F88E1F21-0856-4476-89EB-8CFE688B503A}.Release|Any CPU.Build.0 = Release|Any CPU
		{F88E1F21-0856-4476-89EB-8CFE688B503A}.Release|x64.ActiveCfg = Release|Any CPU
		{F88E1F21-0856-4476-89EB-8CFE688B503A}.Release|x64.Build.0 = Release|Any CPU
		{F88E1F21-0856-4476-89EB-8CFE688B503A}.Release|x86.ActiveCfg = Release|Any CPU
		{F88E1F21-0856-4476-89EB-8CFE688B503A}.Release|x86.Build.0 = Release|Any CPU
	EndGlobalSection
EndGlobal
